# This file is automatically @generated by Cargo.
# It is not intended for manual editing.
[[package]]
name = "competitive-tools-rust"
version = "0.2.3"
source = "git+https://github.com/UseK/competitive-tools-rust.git#1f4b6c60ea98832290f61771beae52e5dd989d94"

[[package]]
name = "either"
version = "1.6.1"
source = "registry+https://github.com/rust-lang/crates.io-index"
checksum = "e78d4f1cc4ae33bbfc157ed5d5a5ef3bc29227303d595861deb238fcec4e9457"

[[package]]
name = "itertools"
version = "0.10.0"
source = "registry+https://github.com/rust-lang/crates.io-index"
checksum = "37d572918e350e82412fe766d24b15e6682fb2ed2bbe018280caa810397cb319"
dependencies = [
 "either",
]

[[package]]
name = "typical90"
version = "0.1.0"
dependencies = [
 "competitive-tools-rust",
 "itertools",
]
