# This file is automatically @generated by Cargo.
# It is not intended for manual editing.
[[package]]
name = "competitive-tools-rust"
version = "0.2.3"
source = "git+https://github.com/UseK/competitive-tools-rust.git#1f4b6c60ea98832290f61771beae52e5dd989d94"

[[package]]
name = "typical90"
version = "0.1.0"
dependencies = [
 "competitive-tools-rust",
]
