# This file is automatically @generated by Cargo.
# It is not intended for manual editing.
[[package]]
name = "competitive-tools-rust"
version = "0.2.3"
source = "git+https://github.com/UseK/competitive-tools-rust.git#1dd651177bc1580c459bbe6bf1bdf1d8bcee6d20"

[[package]]
name = "typical90"
version = "0.1.0"
dependencies = [
 "competitive-tools-rust",
]
